
Microsoft Visual Studio Solution File, Format Version 12.00
# Visual Studio 15
VisualStudioVersion = 15.0.27428.2015
MinimumVisualStudioVersion = 10.0.40219.1
Project("{FAE04EC0-301F-11D3-BF4B-00C04F79EFBC}") = "Ataskaitos3.Android", "Ataskaitos3\Ataskaitos3.Android\Ataskaitos3.Android.csproj", "{564D3FB2-1798-4EB6-BEC0-956126040422}"
EndProject
Project("{FAE04EC0-301F-11D3-BF4B-00C04F79EFBC}") = "Ataskaitos3.iOS", "Ataskaitos3\Ataskaitos3.iOS\Ataskaitos3.iOS.csproj", "{4C88D7BA-B85F-447A-B4B2-49F24C3AE284}"
EndProject
Project("{FAE04EC0-301F-11D3-BF4B-00C04F79EFBC}") = "Ataskaitos3.UWP", "Ataskaitos3\Ataskaitos3.UWP\Ataskaitos3.UWP.csproj", "{A0418BC2-45A8-45F9-ADEE-A6D0584891F9}"
EndProject
Project("{D954291E-2A0B-460D-934E-DC6B0785DB48}") = "Ataskaitos3", "Ataskaitos3\Ataskaitos3\Ataskaitos3.shproj", "{E55437CD-60DD-4C3E-8758-3219B916F2AC}"
EndProject
Global
	GlobalSection(SharedMSBuildProjectFiles) = preSolution
		Ataskaitos3\Ataskaitos3\Ataskaitos3.projitems*{4c88d7ba-b85f-447a-b4b2-49f24c3ae284}*SharedItemsImports = 4
		Ataskaitos3\Ataskaitos3\Ataskaitos3.projitems*{564d3fb2-1798-4eb6-bec0-956126040422}*SharedItemsImports = 4
		Ataskaitos3\Ataskaitos3\Ataskaitos3.projitems*{a0418bc2-45a8-45f9-adee-a6d0584891f9}*SharedItemsImports = 4
		Ataskaitos3\Ataskaitos3\Ataskaitos3.projitems*{e55437cd-60dd-4c3e-8758-3219b916f2ac}*SharedItemsImports = 13
	EndGlobalSection
	GlobalSection(SolutionConfigurationPlatforms) = preSolution
		Ad-Hoc|Any CPU = Ad-Hoc|Any CPU
		Ad-Hoc|ARM = Ad-Hoc|ARM
		Ad-Hoc|iPhone = Ad-Hoc|iPhone
		Ad-Hoc|iPhoneSimulator = Ad-Hoc|iPhoneSimulator
		Ad-Hoc|x64 = Ad-Hoc|x64
		Ad-Hoc|x86 = Ad-Hoc|x86
		AppStore|Any CPU = AppStore|Any CPU
		AppStore|ARM = AppStore|ARM
		AppStore|iPhone = AppStore|iPhone
		AppStore|iPhoneSimulator = AppStore|iPhoneSimulator
		AppStore|x64 = AppStore|x64
		AppStore|x86 = AppStore|x86
		Debug|Any CPU = Debug|Any CPU
		Debug|ARM = Debug|ARM
		Debug|iPhone = Debug|iPhone
		Debug|iPhoneSimulator = Debug|iPhoneSimulator
		Debug|x64 = Debug|x64
		Debug|x86 = Debug|x86
		Release|Any CPU = Release|Any CPU
		Release|ARM = Release|ARM
		Release|iPhone = Release|iPhone
		Release|iPhoneSimulator = Release|iPhoneSimulator
		Release|x64 = Release|x64
		Release|x86 = Release|x86
	EndGlobalSection
	GlobalSection(ProjectConfigurationPlatforms) = postSolution
		{564D3FB2-1798-4EB6-BEC0-956126040422}.Ad-Hoc|Any CPU.ActiveCfg = Release|Any CPU
		{564D3FB2-1798-4EB6-BEC0-956126040422}.Ad-Hoc|Any CPU.Build.0 = Release|Any CPU
		{564D3FB2-1798-4EB6-BEC0-956126040422}.Ad-Hoc|Any CPU.Deploy.0 = Release|Any CPU
		{564D3FB2-1798-4EB6-BEC0-956126040422}.Ad-Hoc|ARM.ActiveCfg = Release|Any CPU
		{564D3FB2-1798-4EB6-BEC0-956126040422}.Ad-Hoc|ARM.Build.0 = Release|Any CPU
		{564D3FB2-1798-4EB6-BEC0-956126040422}.Ad-Hoc|ARM.Deploy.0 = Release|Any CPU
		{564D3FB2-1798-4EB6-BEC0-956126040422}.Ad-Hoc|iPhone.ActiveCfg = Release|Any CPU
		{564D3FB2-1798-4EB6-BEC0-956126040422}.Ad-Hoc|iPhone.Build.0 = Release|Any CPU
		{564D3FB2-1798-4EB6-BEC0-956126040422}.Ad-Hoc|iPhone.Deploy.0 = Release|Any CPU
		{564D3FB2-1798-4EB6-BEC0-956126040422}.Ad-Hoc|iPhoneSimulator.ActiveCfg = Release|Any CPU
		{564D3FB2-1798-4EB6-BEC0-956126040422}.Ad-Hoc|iPhoneSimulator.Build.0 = Release|Any CPU
		{564D3FB2-1798-4EB6-BEC0-956126040422}.Ad-Hoc|iPhoneSimulator.Deploy.0 = Release|Any CPU
		{564D3FB2-1798-4EB6-BEC0-956126040422}.Ad-Hoc|x64.ActiveCfg = Release|Any CPU
		{564D3FB2-1798-4EB6-BEC0-956126040422}.Ad-Hoc|x64.Build.0 = Release|Any CPU
		{564D3FB2-1798-4EB6-BEC0-956126040422}.Ad-Hoc|x64.Deploy.0 = Release|Any CPU
		{564D3FB2-1798-4EB6-BEC0-956126040422}.Ad-Hoc|x86.ActiveCfg = Release|Any CPU
		{564D3FB2-1798-4EB6-BEC0-956126040422}.Ad-Hoc|x86.Build.0 = Release|Any CPU
		{564D3FB2-1798-4EB6-BEC0-956126040422}.Ad-Hoc|x86.Deploy.0 = Release|Any CPU
		{564D3FB2-1798-4EB6-BEC0-956126040422}.AppStore|Any CPU.ActiveCfg = Release|Any CPU
		{564D3FB2-1798-4EB6-BEC0-956126040422}.AppStore|Any CPU.Build.0 = Release|Any CPU
		{564D3FB2-1798-4EB6-BEC0-956126040422}.AppStore|Any CPU.Deploy.0 = Release|Any CPU
		{564D3FB2-1798-4EB6-BEC0-956126040422}.AppStore|ARM.ActiveCfg = Release|Any CPU
		{564D3FB2-1798-4EB6-BEC0-956126040422}.AppStore|ARM.Build.0 = Release|Any CPU
		{564D3FB2-1798-4EB6-BEC0-956126040422}.AppStore|ARM.Deploy.0 = Release|Any CPU
		{564D3FB2-1798-4EB6-BEC0-956126040422}.AppStore|iPhone.ActiveCfg = Release|Any CPU
		{564D3FB2-1798-4EB6-BEC0-956126040422}.AppStore|iPhone.Build.0 = Release|Any CPU
		{564D3FB2-1798-4EB6-BEC0-956126040422}.AppStore|iPhone.Deploy.0 = Release|Any CPU
		{564D3FB2-1798-4EB6-BEC0-956126040422}.AppStore|iPhoneSimulator.ActiveCfg = Release|Any CPU
		{564D3FB2-1798-4EB6-BEC0-956126040422}.AppStore|iPhoneSimulator.Build.0 = Release|Any CPU
		{564D3FB2-1798-4EB6-BEC0-956126040422}.AppStore|iPhoneSimulator.Deploy.0 = Release|Any CPU
		{564D3FB2-1798-4EB6-BEC0-956126040422}.AppStore|x64.ActiveCfg = Release|Any CPU
		{564D3FB2-1798-4EB6-BEC0-956126040422}.AppStore|x64.Build.0 = Release|Any CPU
		{564D3FB2-1798-4EB6-BEC0-956126040422}.AppStore|x64.Deploy.0 = Release|Any CPU
		{564D3FB2-1798-4EB6-BEC0-956126040422}.AppStore|x86.ActiveCfg = Release|Any CPU
		{564D3FB2-1798-4EB6-BEC0-956126040422}.AppStore|x86.Build.0 = Release|Any CPU
		{564D3FB2-1798-4EB6-BEC0-956126040422}.AppStore|x86.Deploy.0 = Release|Any CPU
		{564D3FB2-1798-4EB6-BEC0-956126040422}.Debug|Any CPU.ActiveCfg = Debug|Any CPU
		{564D3FB2-1798-4EB6-BEC0-956126040422}.Debug|Any CPU.Build.0 = Debug|Any CPU
		{564D3FB2-1798-4EB6-BEC0-956126040422}.Debug|Any CPU.Deploy.0 = Debug|Any CPU
		{564D3FB2-1798-4EB6-BEC0-956126040422}.Debug|ARM.ActiveCfg = Debug|Any CPU
		{564D3FB2-1798-4EB6-BEC0-956126040422}.Debug|ARM.Build.0 = Debug|Any CPU
		{564D3FB2-1798-4EB6-BEC0-956126040422}.Debug|ARM.Deploy.0 = Debug|Any CPU
		{564D3FB2-1798-4EB6-BEC0-956126040422}.Debug|iPhone.ActiveCfg = Debug|Any CPU
		{564D3FB2-1798-4EB6-BEC0-956126040422}.Debug|iPhone.Build.0 = Debug|Any CPU
		{564D3FB2-1798-4EB6-BEC0-956126040422}.Debug|iPhone.Deploy.0 = Debug|Any CPU
		{564D3FB2-1798-4EB6-BEC0-956126040422}.Debug|iPhoneSimulator.ActiveCfg = Debug|Any CPU
		{564D3FB2-1798-4EB6-BEC0-956126040422}.Debug|iPhoneSimulator.Build.0 = Debug|Any CPU
		{564D3FB2-1798-4EB6-BEC0-956126040422}.Debug|iPhoneSimulator.Deploy.0 = Debug|Any CPU
		{564D3FB2-1798-4EB6-BEC0-956126040422}.Debug|x64.ActiveCfg = Debug|Any CPU
		{564D3FB2-1798-4EB6-BEC0-956126040422}.Debug|x64.Build.0 = Debug|Any CPU
		{564D3FB2-1798-4EB6-BEC0-956126040422}.Debug|x64.Deploy.0 = Debug|Any CPU
		{564D3FB2-1798-4EB6-BEC0-956126040422}.Debug|x86.ActiveCfg = Debug|Any CPU
		{564D3FB2-1798-4EB6-BEC0-956126040422}.Debug|x86.Build.0 = Debug|Any CPU
		{564D3FB2-1798-4EB6-BEC0-956126040422}.Debug|x86.Deploy.0 = Debug|Any CPU
		{564D3FB2-1798-4EB6-BEC0-956126040422}.Release|Any CPU.ActiveCfg = Release|Any CPU
		{564D3FB2-1798-4EB6-BEC0-956126040422}.Release|Any CPU.Build.0 = Release|Any CPU
		{564D3FB2-1798-4EB6-BEC0-956126040422}.Release|Any CPU.Deploy.0 = Release|Any CPU
		{564D3FB2-1798-4EB6-BEC0-956126040422}.Release|ARM.ActiveCfg = Release|Any CPU
		{564D3FB2-1798-4EB6-BEC0-956126040422}.Release|ARM.Build.0 = Release|Any CPU
		{564D3FB2-1798-4EB6-BEC0-956126040422}.Release|ARM.Deploy.0 = Release|Any CPU
		{564D3FB2-1798-4EB6-BEC0-956126040422}.Release|iPhone.ActiveCfg = Release|Any CPU
		{564D3FB2-1798-4EB6-BEC0-956126040422}.Release|iPhone.Build.0 = Release|Any CPU
		{564D3FB2-1798-4EB6-BEC0-956126040422}.Release|iPhone.Deploy.0 = Release|Any CPU
		{564D3FB2-1798-4EB6-BEC0-956126040422}.Release|iPhoneSimulator.ActiveCfg = Release|Any CPU
		{564D3FB2-1798-4EB6-BEC0-956126040422}.Release|iPhoneSimulator.Build.0 = Release|Any CPU
		{564D3FB2-1798-4EB6-BEC0-956126040422}.Release|iPhoneSimulator.Deploy.0 = Release|Any CPU
		{564D3FB2-1798-4EB6-BEC0-956126040422}.Release|x64.ActiveCfg = Release|Any CPU
		{564D3FB2-1798-4EB6-BEC0-956126040422}.Release|x64.Build.0 = Release|Any CPU
		{564D3FB2-1798-4EB6-BEC0-956126040422}.Release|x64.Deploy.0 = Release|Any CPU
		{564D3FB2-1798-4EB6-BEC0-956126040422}.Release|x86.ActiveCfg = Release|Any CPU
		{564D3FB2-1798-4EB6-BEC0-956126040422}.Release|x86.Build.0 = Release|Any CPU
		{564D3FB2-1798-4EB6-BEC0-956126040422}.Release|x86.Deploy.0 = Release|Any CPU
		{4C88D7BA-B85F-447A-B4B2-49F24C3AE284}.Ad-Hoc|Any CPU.ActiveCfg = Ad-Hoc|iPhone
		{4C88D7BA-B85F-447A-B4B2-49F24C3AE284}.Ad-Hoc|ARM.ActiveCfg = Ad-Hoc|iPhone
		{4C88D7BA-B85F-447A-B4B2-49F24C3AE284}.Ad-Hoc|iPhone.ActiveCfg = Ad-Hoc|iPhone
		{4C88D7BA-B85F-447A-B4B2-49F24C3AE284}.Ad-Hoc|iPhone.Build.0 = Ad-Hoc|iPhone
		{4C88D7BA-B85F-447A-B4B2-49F24C3AE284}.Ad-Hoc|iPhoneSimulator.ActiveCfg = Ad-Hoc|iPhoneSimulator
		{4C88D7BA-B85F-447A-B4B2-49F24C3AE284}.Ad-Hoc|iPhoneSimulator.Build.0 = Ad-Hoc|iPhoneSimulator
		{4C88D7BA-B85F-447A-B4B2-49F24C3AE284}.Ad-Hoc|x64.ActiveCfg = Ad-Hoc|iPhone
		{4C88D7BA-B85F-447A-B4B2-49F24C3AE284}.Ad-Hoc|x86.ActiveCfg = Ad-Hoc|iPhone
		{4C88D7BA-B85F-447A-B4B2-49F24C3AE284}.AppStore|Any CPU.ActiveCfg = AppStore|iPhone
		{4C88D7BA-B85F-447A-B4B2-49F24C3AE284}.AppStore|ARM.ActiveCfg = AppStore|iPhone
		{4C88D7BA-B85F-447A-B4B2-49F24C3AE284}.AppStore|iPhone.ActiveCfg = AppStore|iPhone
		{4C88D7BA-B85F-447A-B4B2-49F24C3AE284}.AppStore|iPhone.Build.0 = AppStore|iPhone
		{4C88D7BA-B85F-447A-B4B2-49F24C3AE284}.AppStore|iPhoneSimulator.ActiveCfg = AppStore|iPhoneSimulator
		{4C88D7BA-B85F-447A-B4B2-49F24C3AE284}.AppStore|iPhoneSimulator.Build.0 = AppStore|iPhoneSimulator
		{4C88D7BA-B85F-447A-B4B2-49F24C3AE284}.AppStore|x64.ActiveCfg = AppStore|iPhone
		{4C88D7BA-B85F-447A-B4B2-49F24C3AE284}.AppStore|x86.ActiveCfg = AppStore|iPhone
		{4C88D7BA-B85F-447A-B4B2-49F24C3AE284}.Debug|Any CPU.ActiveCfg = Debug|iPhone
		{4C88D7BA-B85F-447A-B4B2-49F24C3AE284}.Debug|ARM.ActiveCfg = Debug|iPhone
		{4C88D7BA-B85F-447A-B4B2-49F24C3AE284}.Debug|iPhone.ActiveCfg = Debug|iPhone
		{4C88D7BA-B85F-447A-B4B2-49F24C3AE284}.Debug|iPhone.Build.0 = Debug|iPhone
		{4C88D7BA-B85F-447A-B4B2-49F24C3AE284}.Debug|iPhoneSimulator.ActiveCfg = Debug|iPhoneSimulator
		{4C88D7BA-B85F-447A-B4B2-49F24C3AE284}.Debug|iPhoneSimulator.Build.0 = Debug|iPhoneSimulator
		{4C88D7BA-B85F-447A-B4B2-49F24C3AE284}.Debug|x64.ActiveCfg = Debug|iPhone
		{4C88D7BA-B85F-447A-B4B2-49F24C3AE284}.Debug|x86.ActiveCfg = Debug|iPhone
		{4C88D7BA-B85F-447A-B4B2-49F24C3AE284}.Release|Any CPU.ActiveCfg = Release|iPhone
		{4C88D7BA-B85F-447A-B4B2-49F24C3AE284}.Release|ARM.ActiveCfg = Release|iPhone
		{4C88D7BA-B85F-447A-B4B2-49F24C3AE284}.Release|iPhone.ActiveCfg = Release|iPhone
		{4C88D7BA-B85F-447A-B4B2-49F24C3AE284}.Release|iPhone.Build.0 = Release|iPhone
		{4C88D7BA-B85F-447A-B4B2-49F24C3AE284}.Release|iPhoneSimulator.ActiveCfg = Release|iPhoneSimulator
		{4C88D7BA-B85F-447A-B4B2-49F24C3AE284}.Release|iPhoneSimulator.Build.0 = Release|iPhoneSimulator
		{4C88D7BA-B85F-447A-B4B2-49F24C3AE284}.Release|x64.ActiveCfg = Release|iPhone
		{4C88D7BA-B85F-447A-B4B2-49F24C3AE284}.Release|x86.ActiveCfg = Release|iPhone
		{A0418BC2-45A8-45F9-ADEE-A6D0584891F9}.Ad-Hoc|Any CPU.ActiveCfg = Release|x86
		{A0418BC2-45A8-45F9-ADEE-A6D0584891F9}.Ad-Hoc|Any CPU.Build.0 = Release|x86
		{A0418BC2-45A8-45F9-ADEE-A6D0584891F9}.Ad-Hoc|Any CPU.Deploy.0 = Release|x86
		{A0418BC2-45A8-45F9-ADEE-A6D0584891F9}.Ad-Hoc|ARM.ActiveCfg = Release|ARM
		{A0418BC2-45A8-45F9-ADEE-A6D0584891F9}.Ad-Hoc|ARM.Build.0 = Release|ARM
		{A0418BC2-45A8-45F9-ADEE-A6D0584891F9}.Ad-Hoc|ARM.Deploy.0 = Release|ARM
		{A0418BC2-45A8-45F9-ADEE-A6D0584891F9}.Ad-Hoc|iPhone.ActiveCfg = Release|x86
		{A0418BC2-45A8-45F9-ADEE-A6D0584891F9}.Ad-Hoc|iPhone.Build.0 = Release|x86
		{A0418BC2-45A8-45F9-ADEE-A6D0584891F9}.Ad-Hoc|iPhone.Deploy.0 = Release|x86
		{A0418BC2-45A8-45F9-ADEE-A6D0584891F9}.Ad-Hoc|iPhoneSimulator.ActiveCfg = Release|x86
		{A0418BC2-45A8-45F9-ADEE-A6D0584891F9}.Ad-Hoc|iPhoneSimulator.Build.0 = Release|x86
		{A0418BC2-45A8-45F9-ADEE-A6D0584891F9}.Ad-Hoc|iPhoneSimulator.Deploy.0 = Release|x86
		{A0418BC2-45A8-45F9-ADEE-A6D0584891F9}.Ad-Hoc|x64.ActiveCfg = Release|x64
		{A0418BC2-45A8-45F9-ADEE-A6D0584891F9}.Ad-Hoc|x64.Build.0 = Release|x64
		{A0418BC2-45A8-45F9-ADEE-A6D0584891F9}.Ad-Hoc|x64.Deploy.0 = Release|x64
		{A0418BC2-45A8-45F9-ADEE-A6D0584891F9}.Ad-Hoc|x86.ActiveCfg = Release|x86
		{A0418BC2-45A8-45F9-ADEE-A6D0584891F9}.Ad-Hoc|x86.Build.0 = Release|x86
		{A0418BC2-45A8-45F9-ADEE-A6D0584891F9}.Ad-Hoc|x86.Deploy.0 = Release|x86
		{A0418BC2-45A8-45F9-ADEE-A6D0584891F9}.AppStore|Any CPU.ActiveCfg = Release|x86
		{A0418BC2-45A8-45F9-ADEE-A6D0584891F9}.AppStore|Any CPU.Build.0 = Release|x86
		{A0418BC2-45A8-45F9-ADEE-A6D0584891F9}.AppStore|Any CPU.Deploy.0 = Release|x86
		{A0418BC2-45A8-45F9-ADEE-A6D0584891F9}.AppStore|ARM.ActiveCfg = Release|ARM
		{A0418BC2-45A8-45F9-ADEE-A6D0584891F9}.AppStore|ARM.Build.0 = Release|ARM
		{A0418BC2-45A8-45F9-ADEE-A6D0584891F9}.AppStore|ARM.Deploy.0 = Release|ARM
		{A0418BC2-45A8-45F9-ADEE-A6D0584891F9}.AppStore|iPhone.ActiveCfg = Release|x86
		{A0418BC2-45A8-45F9-ADEE-A6D0584891F9}.AppStore|iPhone.Build.0 = Release|x86
		{A0418BC2-45A8-45F9-ADEE-A6D0584891F9}.AppStore|iPhone.Deploy.0 = Release|x86
		{A0418BC2-45A8-45F9-ADEE-A6D0584891F9}.AppStore|iPhoneSimulator.ActiveCfg = Release|x86
		{A0418BC2-45A8-45F9-ADEE-A6D0584891F9}.AppStore|iPhoneSimulator.Build.0 = Release|x86
		{A0418BC2-45A8-45F9-ADEE-A6D0584891F9}.AppStore|iPhoneSimulator.Deploy.0 = Release|x86
		{A0418BC2-45A8-45F9-ADEE-A6D0584891F9}.AppStore|x64.ActiveCfg = Release|x64
		{A0418BC2-45A8-45F9-ADEE-A6D0584891F9}.AppStore|x64.Build.0 = Release|x64
		{A0418BC2-45A8-45F9-ADEE-A6D0584891F9}.AppStore|x64.Deploy.0 = Release|x64
		{A0418BC2-45A8-45F9-ADEE-A6D0584891F9}.AppStore|x86.ActiveCfg = Release|x86
		{A0418BC2-45A8-45F9-ADEE-A6D0584891F9}.AppStore|x86.Build.0 = Release|x86
		{A0418BC2-45A8-45F9-ADEE-A6D0584891F9}.AppStore|x86.Deploy.0 = Release|x86
		{A0418BC2-45A8-45F9-ADEE-A6D0584891F9}.Debug|Any CPU.ActiveCfg = Debug|x86
		{A0418BC2-45A8-45F9-ADEE-A6D0584891F9}.Debug|ARM.ActiveCfg = Debug|ARM
		{A0418BC2-45A8-45F9-ADEE-A6D0584891F9}.Debug|ARM.Build.0 = Debug|ARM
		{A0418BC2-45A8-45F9-ADEE-A6D0584891F9}.Debug|ARM.Deploy.0 = Debug|ARM
		{A0418BC2-45A8-45F9-ADEE-A6D0584891F9}.Debug|iPhone.ActiveCfg = Debug|x86
		{A0418BC2-45A8-45F9-ADEE-A6D0584891F9}.Debug|iPhoneSimulator.ActiveCfg = Debug|x86
		{A0418BC2-45A8-45F9-ADEE-A6D0584891F9}.Debug|x64.ActiveCfg = Debug|x64
		{A0418BC2-45A8-45F9-ADEE-A6D0584891F9}.Debug|x64.Build.0 = Debug|x64
		{A0418BC2-45A8-45F9-ADEE-A6D0584891F9}.Debug|x64.Deploy.0 = Debug|x64
		{A0418BC2-45A8-45F9-ADEE-A6D0584891F9}.Debug|x86.ActiveCfg = Debug|x86
		{A0418BC2-45A8-45F9-ADEE-A6D0584891F9}.Debug|x86.Build.0 = Debug|x86
		{A0418BC2-45A8-45F9-ADEE-A6D0584891F9}.Debug|x86.Deploy.0 = Debug|x86
		{A0418BC2-45A8-45F9-ADEE-A6D0584891F9}.Release|Any CPU.ActiveCfg = Release|x86
		{A0418BC2-45A8-45F9-ADEE-A6D0584891F9}.Release|ARM.ActiveCfg = Release|ARM
		{A0418BC2-45A8-45F9-ADEE-A6D0584891F9}.Release|ARM.Build.0 = Release|ARM
		{A0418BC2-45A8-45F9-ADEE-A6D0584891F9}.Release|ARM.Deploy.0 = Release|ARM
		{A0418BC2-45A8-45F9-ADEE-A6D0584891F9}.Release|iPhone.ActiveCfg = Release|x86
		{A0418BC2-45A8-45F9-ADEE-A6D0584891F9}.Release|iPhoneSimulator.ActiveCfg = Release|x86
		{A0418BC2-45A8-45F9-ADEE-A6D0584891F9}.Release|x64.ActiveCfg = Release|x64
		{A0418BC2-45A8-45F9-ADEE-A6D0584891F9}.Release|x64.Build.0 = Release|x64
		{A0418BC2-45A8-45F9-ADEE-A6D0584891F9}.Release|x64.Deploy.0 = Release|x64
		{A0418BC2-45A8-45F9-ADEE-A6D0584891F9}.Release|x86.ActiveCfg = Release|x86
		{A0418BC2-45A8-45F9-ADEE-A6D0584891F9}.Release|x86.Build.0 = Release|x86
		{A0418BC2-45A8-45F9-ADEE-A6D0584891F9}.Release|x86.Deploy.0 = Release|x86
	EndGlobalSection
	GlobalSection(SolutionProperties) = preSolution
		HideSolutionNode = FALSE
	EndGlobalSection
	GlobalSection(ExtensibilityGlobals) = postSolution
		SolutionGuid = {952A5D2C-C7DE-43A2-8A89-D9E9329B2F03}
	EndGlobalSection
EndGlobal
